version = 1
revision = 3
requires-python = ">=3.10"

[[package]]
name = "et-xmlfile"
version = "2.0.0"
source = { registry = "http://maven.paic.com.cn/repository/pypi/simple/" }
sdist = { url = "http://maven.paic.com.cn/repository/pypi/packages/d3/38/af70d7ab1ae9d4da450eeec1fa3918940a5fafb9055e934af8d6eb0c2313/et_xmlfile-2.0.0.tar.gz", hash = "sha256:dab3f4764309081ce75662649be815c4c9081e88f0837825f90fd28317d4da54" }
wheels = [
    { url = "http://maven.paic.com.cn/repository/pypi/packages/c1/8b/5fe2cc11fee489817272089c4203e679c63b570a5aaeb18d852ae3cbba6a/et_xmlfile-2.0.0-py3-none-any.whl", hash = "sha256:7a91720bc756843502c3b7504c77b8fe44217c85c537d85037f0f536151b2caa" },
]

[[package]]
name = "mysql-connector-python"
version = "9.6.0"
source = { registry = "http://maven.paic.com.cn/repository/pypi/simple/" }
sdist = { url = "http://maven.paic.com.cn/repository/pypi/packages/6f/6e/c89babc7de3df01467d159854414659c885152579903a8220c8db02a3835/mysql_connector_python-9.6.0.tar.gz", hash = "sha256:c453bb55347174d87504b534246fb10c589daf5d057515bf615627198a3c7ef1" }
wheels = [
    { url = "http://maven.paic.com.cn/repository/pypi/packages/16/27/106f5b7a69381c58cb0ba6bf44e6488969ce6cd9f69f62df340f379141ee/mysql_connector_python-9.6.0-cp310-cp310-macosx_14_0_arm64.whl", hash = "sha256:478e035ebcf734b3a1497bfd3eb72ce3632da6384545b08cf6329471b3849b6e" },
    { url = "http://maven.paic.com.cn/repository/pypi/packages/17/97/d3cbab27663d7b5063d891c6bd322db6cf1cdb42d4e0d2d2ec9a1952c67f/mysql_connector_python-9.6.0-cp310-cp310-macosx_14_0_x86_64.whl", hash = "sha256:228000bb951810dad724821d04000174ffcc7fa94b4dcef884b17a3cdae07283" },
    { url = "http://maven.paic.com.cn/repository/pypi/packages/6b/9e/0e14e30dddb8f9a5230c6dbce6f874fba2aeaab1ce971dce3912cf81773e/mysql_connector_python-9.6.0-cp310-cp310-manylinux_2_28_aarch64.whl", hash = "sha256:477e86182aefbf693b71ff8bda7679ab4487af64c027759af831a70080aaaeac" },
    { url = "http://maven.paic.com.cn/repository/pypi/packages/5d/80/1b0012fd86b5a7c0952878e33938ccd4b2862eb882e08a502b99348988d0/mysql_connector_python-9.6.0-cp310-cp310-manylinux_2_28_x86_64.whl", hash = "sha256:4bf932724a2702d8b9cde4bf764b843a35e85c59479a870997d37a2a68a5632d" },
    { url = "http://maven.paic.com.cn/repository/pypi/packages/7c/ed/9ff5ff9ea8421ffdf248fa71b9328fd8b9a23e1e3a2a523db5f7d58240c6/mysql_connector_python-9.6.0-cp310-cp310-win_amd64.whl", hash = "sha256:b507372c060eb39e2a10ebcb3eb1b12e1778b0120808062fc23e3856268cd2d9" },
    { url = "http://maven.paic.com.cn/repository/pypi/packages/2a/08/0e9bce000736454c2b8bb4c40bded79328887483689487dad7df4cf59fb7/mysql_connector_python-9.6.0-cp311-cp311-macosx_14_0_arm64.whl", hash = "sha256:011931f7392a1087e10d305b0303f2a20cc1af2c1c8a15cd5691609aa95dfcbd" },
    { url = "http://maven.paic.com.cn/repository/pypi/packages/93/aa/3dd4db039fc6a9bcbdbade83be9914ead6786c0be4918170dfaf89327b76/mysql_connector_python-9.6.0-cp311-cp311-macosx_14_0_x86_64.whl", hash = "sha256:b5212372aff6833473d2560ac87d3df9fb2498d0faacb7ebf231d947175fa36a" },
    { url = "http://maven.paic.com.cn/repository/pypi/packages/53/38/ecd6d35382b6265ff5f030464d53b45e51ff2c2523ab88771c277fd84c05/mysql_connector_python-9.6.0-cp311-cp311-manylinux_2_28_aarch64.whl", hash = "sha256:61deca6e243fafbb3cf08ae27bd0c83d0f8188de8456e46aeba0d3db15bb7230" },
    { url = "http://maven.paic.com.cn/repository/pypi/packages/18/1d/fe1133eb76089342854d8fbe88e28598f7e06bc684a763d21fc7b23f1d5e/mysql_connector_python-9.6.0-cp311-cp311-manylinux_2_28_x86_64.whl", hash = "sha256:adabbc5e1475cdf5fb6f1902a25edc3bd1e0726fa45f01ab1b8f479ff43b3337" },
    { url = "http://maven.paic.com.cn/repository/pypi/packages/3f/99/da0f55beb970ca049fd7d37a6391d686222af89a8b13e636d8e9bbd06536/mysql_connector_python-9.6.0-cp311-cp311-win_amd64.whl", hash = "sha256:8732ca0b7417b45238bcbfc7e64d9c4d62c759672207c6284f0921c366efddc7" },
    { url = "http://maven.paic.com.cn/repository/pypi/packages/8f/d9/2a4b4d90b52f4241f0f71618cd4bd8779dd6d18db8058b0a4dd83ec0541c/mysql_connector_python-9.6.0-cp312-cp312-macosx_14_0_arm64.whl", hash = "sha256:9664e217c72dd6fb700f4c8512af90261f72d2f5d7c00c4e13e4c1e09bfa3d5e" },
    { url = "http://maven.paic.com.cn/repository/pypi/packages/33/91/2495835733a054e716a17dc28404748b33f2dc1da1ae4396fb45574adf40/mysql_connector_python-9.6.0-cp312-cp312-macosx_14_0_x86_64.whl", hash = "sha256:1ed4b5c4761e5333035293e746683890e4ef2e818e515d14023fd80293bc31fa" },
    { url = "http://maven.paic.com.cn/repository/pypi/packages/7a/69/e83abbbbf7f8eed855b5a5ff7285bc0afb1199418ac036c7691edf41e154/mysql_connector_python-9.6.0-cp312-cp312-manylinux_2_28_aarch64.whl", hash = "sha256:5095758dcb89a6bce2379f349da336c268c407129002b595c5dba82ce387e2a5" },
    { url = "http://maven.paic.com.cn/repository/pypi/packages/82/44/67bb61c71f398fbc739d07e8dcadad94e2f655874cb32ae851454066bea0/mysql_connector_python-9.6.0-cp312-cp312-manylinux_2_28_x86_64.whl", hash = "sha256:4ae4e7780fad950a4f267dea5851048d160f5b71314a342cdbf30b154f1c74f7" },
    { url = "http://maven.paic.com.cn/repository/pypi/packages/ba/39/994c4f7e9c59d3ca534a831d18442ac4c529865db20aeaa4fd94e2af5efd/mysql_connector_python-9.6.0-cp312-cp312-win_amd64.whl", hash = "sha256:c180e0b4100d7402e03993bfac5c97d18e01d7ca9d198d742fffc245077f8ffe" },
    { url = "http://maven.paic.com.cn/repository/pypi/packages/2f/58/9521aa678708ec6cebfd40524c14c3d151e4f29e3774e6086aa0a30d203b/mysql_connector_python-9.6.0-cp313-cp313-macosx_14_0_arm64.whl", hash = "sha256:e86e45a7b540ca09af8a18ecfa761e0cdeccfdb62818331614ec030ae44bfd26" },
    { url = "http://maven.paic.com.cn/repository/pypi/packages/39/8d/b108f9bcce9780f6a1f91decb2af54defdaf845e237ddc42f2b4578f1cd7/mysql_connector_python-9.6.0-cp313-cp313-macosx_14_0_x86_64.whl", hash = "sha256:8d3e9252384e1b7f95b07020664f2673d9c29c5e95eeda2e048b3331e190b9d4" },
    { url = "http://maven.paic.com.cn/repository/pypi/packages/d6/28/735cd93d16e76dc2feb4abb3f1229a1d9475af34d80c26712fec6abe1d70/mysql_connector_python-9.6.0-cp313-cp313-manylinux_2_28_aarch64.whl", hash = "sha256:0fa18ead33cb699ea92005695077cef09aa494eebf51164ee30c891c3eaea90c" },
    { url = "http://maven.paic.com.cn/repository/pypi/packages/42/07/069983799cf4050c68f61a494f94b06f095fee6026ab0dd863a14de30867/mysql_connector_python-9.6.0-cp313-cp313-manylinux_2_28_x86_64.whl", hash = "sha256:a26490cb029bf7b18a1d2093101105b3526a1036b51ad01553d30138f5beb8d2" },
    { url = "http://maven.paic.com.cn/repository/pypi/packages/32/00/fbeb7d666ab8153f719e620bac5abfbc74640e8ec511612493110a75fe66/mysql_connector_python-9.6.0-cp313-cp313-win_amd64.whl", hash = "sha256:3460ed976e1b88b7284335d9397a3c519dff56d71580ca1f76ff1c0c7714c813" },
    { url = "http://maven.paic.com.cn/repository/pypi/packages/70/51/13cc90b2a703784cd9a0aa0a6fce07946cf6a2abe7c8fd0b585562e250fc/mysql_connector_python-9.6.0-cp314-cp314-macosx_14_0_arm64.whl", hash = "sha256:e2cc13cd3dcdb845d636e52c4e7a9509b63da09bec6ce1b3696be53a79847e2d" },
    { url = "http://maven.paic.com.cn/repository/pypi/packages/c8/6b/ce7ab998fbdd17f35a1b54624365d039045cbb2d42bbc7b03f50d7597c7b/mysql_connector_python-9.6.0-cp314-cp314-macosx_14_0_x86_64.whl", hash = "sha256:a08c2149d4b52a010c4353f18c84716d18114a4ecd00b466ea34138de2c640f2" },
    { url = "http://maven.paic.com.cn/repository/pypi/packages/f9/bf/8157ed61d17878c33511dcb97c68ecaaaf6220bea5a2944ea4eba73cc63a/mysql_connector_python-9.6.0-cp314-cp314-manylinux_2_28_aarch64.whl", hash = "sha256:b00228b985edd208b20f45c5e684c54e08e31e01bc1d8c3c18a36641c3be5bf7" },
    { url = "http://maven.paic.com.cn/repository/pypi/packages/f7/06/5efdd28819afdb9f1487a62842fda4277febe128a3cd6e9090dbe0a6524e/mysql_connector_python-9.6.0-cp314-cp314-manylinux_2_28_x86_64.whl", hash = "sha256:4617ef5216da7ca32dd46afda61a1552807762434127413bba46fbe4379f59d4" },
    { url = "http://maven.paic.com.cn/repository/pypi/packages/40/6a/26e08a4a79f159cd8e5b64eb10bd056e7735b65d4464d98641f59eb9ca3a/mysql_connector_python-9.6.0-cp314-cp314-win_amd64.whl", hash = "sha256:bc782f64ca00b6b933d4c6a35568f1349d115cc4434c849b5b9edc015bee3e62" },
    { url = "http://maven.paic.com.cn/repository/pypi/packages/15/dd/b3250826c29cee7816de4409a2fe5e469a68b9a89f6bfaa5eed74f05532c/mysql_connector_python-9.6.0-py2.py3-none-any.whl", hash = "sha256:44b0fb57207ebc6ae05b5b21b7968a9ed33b29187fe87b38951bad2a334d75d5" },
]

[[package]]
name = "openpyxl"
version = "3.1.5"
source = { registry = "http://maven.paic.com.cn/repository/pypi/simple/" }
dependencies = [
    { name = "et-xmlfile" },
]
sdist = { url = "http://maven.paic.com.cn/repository/pypi/packages/3d/f9/88d94a75de065ea32619465d2f77b29a0469500e99012523b91cc4141cd1/openpyxl-3.1.5.tar.gz", hash = "sha256:cf0e3cf56142039133628b5acffe8ef0c12bc902d2aadd3e0fe5878dc08d1050" }
wheels = [
    { url = "http://maven.paic.com.cn/repository/pypi/packages/c0/da/977ded879c29cbd04de313843e76868e6e13408a94ed6b987245dc7c8506/openpyxl-3.1.5-py2.py3-none-any.whl", hash = "sha256:5282c12b107bffeef825f4617dc029afaf41d0ea60823bbb665ef3079dc79de2" },
]

[[package]]
name = "pingan-tech-badminton-team"
version = "0.1.0"
source = { virtual = "." }
dependencies = [
    { name = "mysql-connector-python" },
    { name = "openpyxl" },
]

[package.metadata]
requires-dist = [
    { name = "mysql-connector-python", specifier = ">=8.0.0" },
    { name = "openpyxl", specifier = ">=3.0.0" },
]
